{
    "_readme": [
        "This file locks the dependencies of your project to a known state",
        "Read more about it at https://getcomposer.org/doc/01-basic-usage.md#installing-dependencies",
        "This file is @generated automatically"
    ],
    "content-hash": "46a3b8f4dc698f4d42a7d1adfba076cc",
    "packages": [
        {
            "name": "eghojansu/stick",
            "version": "dev-dev",
            "dist": {
                "type": "path",
                "url": "../stick",
                "reference": "ff5bb2f3006854696142b2634937560fd32e0400",
                "shasum": null
            },
            "require": {
                "php": ">=7.1"
            },
            "require-dev": {
                "ext-gd": "*",
                "ext-mysql": "*",
                "ext-pdo": "*",
                "ext-sqlite3": "*",
                "ext-zip": "*",
                "phpunit/phpunit": "^7.4"
            },
            "suggest": {
                "ext-gd": "Image manipulation",
                "ext-pdo": "Mapper helper",
                "ext-zip": "Zip helper"
            },
            "bin": [
                "stick"
            ],
            "type": "library",
            "autoload": {
                "psr-4": {
                    "Fal\\Stick\\": "src/"
                }
            },
            "autoload-dev": {
                "psr-4": {
                    "Fal\\Stick\\Test\\": "tests/src/",
                    "Fixture\\": "tests/fixture/classes/"
                }
            },
            "license": [
                "MIT"
            ],
            "description": "Stick~to~PHP Framework"
        }
    ],
    "packages-dev": [],
    "aliases": [],
    "minimum-stability": "stable",
    "stability-flags": {
        "eghojansu/stick": 20
    },
    "prefer-stable": false,
    "prefer-lowest": false,
    "platform": {
        "php": ">=7.1"
    },
    "platform-dev": []
}
