{
    "_readme": [
        "This file locks the dependencies of your project to a known state",
        "Read more about it at https://getcomposer.org/doc/01-basic-usage.md#installing-dependencies",
        "This file is @generated automatically"
    ],
    "content-hash": "5ee11c6faa3aa05cc296f559b551d2d6",
    "packages": [
        {
            "name": "eghojansu/stick",
            "version": "dev-master",
            "source": {
                "type": "git",
                "url": "https://github.com/eghojansu/stick.git",
                "reference": "98536c50794c74fe9b322700cf9716be0dd64713"
            },
            "dist": {
                "type": "zip",
                "url": "https://api.github.com/repos/eghojansu/stick/zipball/98536c50794c74fe9b322700cf9716be0dd64713",
                "reference": "98536c50794c74fe9b322700cf9716be0dd64713",
                "shasum": ""
            },
            "require": {
                "php": ">=7.1"
            },
            "require-dev": {
                "phpunit/phpunit": "^7.3"
            },
            "type": "library",
            "autoload": {
                "psr-4": {
                    "Fal\\Stick\\": "src/"
                }
            },
            "notification-url": "https://packagist.org/downloads/",
            "license": [
                "MIT"
            ],
            "description": "Stick~to~PHP Framework",
            "time": "2018-10-08T09:13:43+00:00"
        }
    ],
    "packages-dev": [],
    "aliases": [],
    "minimum-stability": "stable",
    "stability-flags": {
        "eghojansu/stick": 20
    },
    "prefer-stable": false,
    "prefer-lowest": false,
    "platform": {
        "php": ">=7.1"
    },
    "platform-dev": []
}
