{
    "_readme": [
        "This file locks the dependencies of your project to a known state",
        "Read more about it at https://getcomposer.org/doc/01-basic-usage.md#installing-dependencies",
        "This file is @generated automatically"
    ],
    "content-hash": "977195fb706ae402c3ff54eb75b694e3",
    "packages": [
        {
            "name": "eghojansu/stick",
            "version": "dev-master",
            "source": {
                "type": "git",
                "url": "https://github.com/eghojansu/stick.git",
                "reference": "df018f66878fe725ab7838b220e2ebdb00fd7507"
            },
            "dist": {
                "type": "zip",
                "url": "https://api.github.com/repos/eghojansu/stick/zipball/df018f66878fe725ab7838b220e2ebdb00fd7507",
                "reference": "df018f66878fe725ab7838b220e2ebdb00fd7507",
                "shasum": ""
            },
            "require": {
                "php": "~7.2"
            },
            "require-dev": {
                "friendsofphp/php-cs-fixer": "^2.14",
                "phpunit/phpunit": "^8.0"
            },
            "suggest": {
                "ext-apcu": "Needed to support apc/apcu cache engine",
                "ext-curl": "Needed to support web request with cURL",
                "ext-gd": "Needed to support image manipulation",
                "ext-memcache": "Needed to support memcache cache engine",
                "ext-memcached": "Needed to support memcached cache engine",
                "ext-redis": "Needed to support redis cache engine"
            },
            "type": "library",
            "autoload": {
                "psr-4": {
                    "Fal\\Stick\\": "src/Stick/"
                }
            },
            "notification-url": "https://packagist.org/downloads/",
            "license": [
                "MIT"
            ],
            "description": "Stick~to~PHP Framework",
            "time": "2019-06-22T05:54:34+00:00"
        }
    ],
    "packages-dev": [],
    "aliases": [],
    "minimum-stability": "stable",
    "stability-flags": {
        "eghojansu/stick": 20
    },
    "prefer-stable": false,
    "prefer-lowest": false,
    "platform": {
        "php": "~7.2"
    },
    "platform-dev": []
}
